
Microsoft Visual Studio Solution File, Format Version 12.00
# Visual Studio Version 16
VisualStudioVersion = 16.0.32228.343
MinimumVisualStudioVersion = 10.0.40219.1
Project("{FAE04EC0-301F-11D3-BF4B-00C04F79EFBC}") = "online pharmacy", "online pharmacy\online pharmacy.csproj", "{692E1B21-F305-4FEA-9F39-9E61177DD67B}"
EndProject
Global
	GlobalSection(SolutionConfigurationPlatforms) = preSolution
		Debug|Any CPU = Debug|Any CPU
		Release|Any CPU = Release|Any CPU
	EndGlobalSection
	GlobalSection(ProjectConfigurationPlatforms) = postSolution
		{692E1B21-F305-4FEA-9F39-9E61177DD67B}.Debug|Any CPU.ActiveCfg = Debug|Any CPU
		{692E1B21-F305-4FEA-9F39-9E61177DD67B}.Debug|Any CPU.Build.0 = Debug|Any CPU
		{692E1B21-F305-4FEA-9F39-9E61177DD67B}.Release|Any CPU.ActiveCfg = Release|Any CPU
		{692E1B21-F305-4FEA-9F39-9E61177DD67B}.Release|Any CPU.Build.0 = Release|Any CPU
	EndGlobalSection
	GlobalSection(SolutionProperties) = preSolution
		HideSolutionNode = FALSE
	EndGlobalSection
	GlobalSection(ExtensibilityGlobals) = postSolution
		SolutionGuid = {0339D6AF-10F6-46BD-A732-8F11C167DE50}
	EndGlobalSection
EndGlobal
